// !$*UTF8*$!
{
	archiveVersion = 1;
	classes = {
	};
	objectVersion = 46;
	objects = {

/* Begin PBXBuildFile section */
		8A00027317532A4400BFF026 /* Cocoa.framework in Frameworks */ = {isa = PBXBuildFile; fileRef = 8A00027217532A4400BFF026 /* Cocoa.framework */; };
		8A00027D17532A4400BFF026 /* InfoPlist.strings in Resources */ = {isa = PBXBuildFile; fileRef = 8A00027B17532A4400BFF026 /* InfoPlist.strings */; };
		8A00027F17532A4400BFF026 /* main.m in Sources */ = {isa = PBXBuildFile; fileRef = 8A00027E17532A4400BFF026 /* main.m */; };
		8A00028317532A4400BFF026 /* Credits.rtf in Resources */ = {isa = PBXBuildFile; fileRef = 8A00028117532A4400BFF026 /* Credits.rtf */; };
		8A00028617532A4400BFF026 /* AppDelegate.m in Sources */ = {isa = PBXBuildFile; fileRef = 8A00028517532A4400BFF026 /* AppDelegate.m */; };
		8A00028917532A4400BFF026 /* MainMenu.xib in Resources */ = {isa = PBXBuildFile; fileRef = 8A00028717532A4400BFF026 /* MainMenu.xib */; };
		8A00029117532D5500BFF026 /* MovieRow.m in Sources */ = {isa = PBXBuildFile; fileRef = 8A00029017532D5500BFF026 /* MovieRow.m */; };
		8A00029717532EC600BFF026 /* SRFile.m in Sources */ = {isa = PBXBuildFile; fileRef = 8A00029417532EC600BFF026 /* SRFile.m */; };
		8A00029817532EC600BFF026 /* SRFileManager.m in Sources */ = {isa = PBXBuildFile; fileRef = 8A00029617532EC600BFF026 /* SRFileManager.m */; };
		8A00029B175331BF00BFF026 /* ODManager.m in Sources */ = {isa = PBXBuildFile; fileRef = 8A00029A175331BF00BFF026 /* ODManager.m */; };
		8A4BB2B617548605003A52C4 /* ODToolController.m in Sources */ = {isa = PBXBuildFile; fileRef = 8A4BB2B517548605003A52C4 /* ODToolController.m */; };
		8AC62845175724F7005F55DD /* AppConfig.m in Sources */ = {isa = PBXBuildFile; fileRef = 8AC62844175724F7005F55DD /* AppConfig.m */; };
/* End PBXBuildFile section */

/* Begin PBXFileReference section */
		8A00026F17532A4400BFF026 /* SRODTool.app */ = {isa = PBXFileReference; explicitFileType = wrapper.application; includeInIndex = 0; path = SRODTool.app; sourceTree = BUILT_PRODUCTS_DIR; };
		8A00027217532A4400BFF026 /* Cocoa.framework */ = {isa = PBXFileReference; lastKnownFileType = wrapper.framework; name = Cocoa.framework; path = System/Library/Frameworks/Cocoa.framework; sourceTree = SDKROOT; };
		8A00027517532A4400BFF026 /* AppKit.framework */ = {isa = PBXFileReference; lastKnownFileType = wrapper.framework; name = AppKit.framework; path = System/Library/Frameworks/AppKit.framework; sourceTree = SDKROOT; };
		8A00027617532A4400BFF026 /* CoreData.framework */ = {isa = PBXFileReference; lastKnownFileType = wrapper.framework; name = CoreData.framework; path = System/Library/Frameworks/CoreData.framework; sourceTree = SDKROOT; };
		8A00027717532A4400BFF026 /* Foundation.framework */ = {isa = PBXFileReference; lastKnownFileType = wrapper.framework; name = Foundation.framework; path = System/Library/Frameworks/Foundation.framework; sourceTree = SDKROOT; };
		8A00027A17532A4400BFF026 /* SRODTool-Info.plist */ = {isa = PBXFileReference; lastKnownFileType = text.plist.xml; path = "SRODTool-Info.plist"; sourceTree = "<group>"; };
		8A00027C17532A4400BFF026 /* en */ = {isa = PBXFileReference; lastKnownFileType = text.plist.strings; name = en; path = en.lproj/InfoPlist.strings; sourceTree = "<group>"; };
		8A00027E17532A4400BFF026 /* main.m */ = {isa = PBXFileReference; lastKnownFileType = sourcecode.c.objc; path = main.m; sourceTree = "<group>"; };
		8A00028017532A4400BFF026 /* SRODTool-Prefix.pch */ = {isa = PBXFileReference; lastKnownFileType = sourcecode.c.h; path = "SRODTool-Prefix.pch"; sourceTree = "<group>"; };
		8A00028217532A4400BFF026 /* en */ = {isa = PBXFileReference; lastKnownFileType = text.rtf; name = en; path = en.lproj/Credits.rtf; sourceTree = "<group>"; };
		8A00028417532A4400BFF026 /* AppDelegate.h */ = {isa = PBXFileReference; lastKnownFileType = sourcecode.c.h; path = AppDelegate.h; sourceTree = "<group>"; };
		8A00028517532A4400BFF026 /* AppDelegate.m */ = {isa = PBXFileReference; lastKnownFileType = sourcecode.c.objc; path = AppDelegate.m; sourceTree = "<group>"; };
		8A00028817532A4400BFF026 /* en */ = {isa = PBXFileReference; lastKnownFileType = file.xib; name = en; path = en.lproj/MainMenu.xib; sourceTree = "<group>"; };
		8A00028F17532D5500BFF026 /* MovieRow.h */ = {isa = PBXFileReference; fileEncoding = 4; lastKnownFileType = sourcecode.c.h; path = MovieRow.h; sourceTree = "<group>"; };
		8A00029017532D5500BFF026 /* MovieRow.m */ = {isa = PBXFileReference; fileEncoding = 4; lastKnownFileType = sourcecode.c.objc; path = MovieRow.m; sourceTree = "<group>"; };
		8A00029317532EC600BFF026 /* SRFile.h */ = {isa = PBXFileReference; fileEncoding = 4; lastKnownFileType = sourcecode.c.h; path = SRFile.h; sourceTree = "<group>"; };
		8A00029417532EC600BFF026 /* SRFile.m */ = {isa = PBXFileReference; fileEncoding = 4; lastKnownFileType = sourcecode.c.objc; path = SRFile.m; sourceTree = "<group>"; };
		8A00029517532EC600BFF026 /* SRFileManager.h */ = {isa = PBXFileReference; fileEncoding = 4; lastKnownFileType = sourcecode.c.h; path = SRFileManager.h; sourceTree = "<group>"; };
		8A00029617532EC600BFF026 /* SRFileManager.m */ = {isa = PBXFileReference; fileEncoding = 4; lastKnownFileType = sourcecode.c.objc; path = SRFileManager.m; sourceTree = "<group>"; };
		8A000299175331BF00BFF026 /* ODManager.h */ = {isa = PBXFileReference; fileEncoding = 4; lastKnownFileType = sourcecode.c.h; path = ODManager.h; sourceTree = "<group>"; };
		8A00029A175331BF00BFF026 /* ODManager.m */ = {isa = PBXFileReference; fileEncoding = 4; lastKnownFileType = sourcecode.c.objc; path = ODManager.m; sourceTree = "<group>"; };
		8A4BB2B417548604003A52C4 /* ODToolController.h */ = {isa = PBXFileReference; fileEncoding = 4; lastKnownFileType = sourcecode.c.h; path = ODToolController.h; sourceTree = "<group>"; };
		8A4BB2B517548605003A52C4 /* ODToolController.m */ = {isa = PBXFileReference; fileEncoding = 4; lastKnownFileType = sourcecode.c.objc; path = ODToolController.m; sourceTree = "<group>"; };
		8AC62843175724F7005F55DD /* AppConfig.h */ = {isa = PBXFileReference; fileEncoding = 4; lastKnownFileType = sourcecode.c.h; path = AppConfig.h; sourceTree = "<group>"; };
		8AC62844175724F7005F55DD /* AppConfig.m */ = {isa = PBXFileReference; fileEncoding = 4; lastKnownFileType = sourcecode.c.objc; path = AppConfig.m; sourceTree = "<group>"; };
/* End PBXFileReference section */

/* Begin PBXFrameworksBuildPhase section */
		8A00026C17532A4400BFF026 /* Frameworks */ = {
			isa = PBXFrameworksBuildPhase;
			buildActionMask = 2147483647;
			files = (
				8A00027317532A4400BFF026 /* Cocoa.framework in Frameworks */,
			);
			runOnlyForDeploymentPostprocessing = 0;
		};
/* End PBXFrameworksBuildPhase section */

/* Begin PBXGroup section */
		8A00026617532A4400BFF026 = {
			isa = PBXGroup;
			children = (
				8A00027817532A4400BFF026 /* SRODTool */,
				8A00027117532A4400BFF026 /* Frameworks */,
				8A00027017532A4400BFF026 /* Products */,
			);
			sourceTree = "<group>";
		};
		8A00027017532A4400BFF026 /* Products */ = {
			isa = PBXGroup;
			children = (
				8A00026F17532A4400BFF026 /* SRODTool.app */,
			);
			name = Products;
			sourceTree = "<group>";
		};
		8A00027117532A4400BFF026 /* Frameworks */ = {
			isa = PBXGroup;
			children = (
				8A00027217532A4400BFF026 /* Cocoa.framework */,
				8A00027417532A4400BFF026 /* Other Frameworks */,
			);
			name = Frameworks;
			sourceTree = "<group>";
		};
		8A00027417532A4400BFF026 /* Other Frameworks */ = {
			isa = PBXGroup;
			children = (
				8A00027517532A4400BFF026 /* AppKit.framework */,
				8A00027617532A4400BFF026 /* CoreData.framework */,
				8A00027717532A4400BFF026 /* Foundation.framework */,
			);
			name = "Other Frameworks";
			sourceTree = "<group>";
		};
		8A00027817532A4400BFF026 /* SRODTool */ = {
			isa = PBXGroup;
			children = (
				8A00029217532EC600BFF026 /* SRFile */,
				8A00028417532A4400BFF026 /* AppDelegate.h */,
				8A00028517532A4400BFF026 /* AppDelegate.m */,
				8A00028717532A4400BFF026 /* MainMenu.xib */,
				8A00028F17532D5500BFF026 /* MovieRow.h */,
				8A00029017532D5500BFF026 /* MovieRow.m */,
				8A00027917532A4400BFF026 /* Supporting Files */,
				8A000299175331BF00BFF026 /* ODManager.h */,
				8A00029A175331BF00BFF026 /* ODManager.m */,
				8A4BB2B417548604003A52C4 /* ODToolController.h */,
				8A4BB2B517548605003A52C4 /* ODToolController.m */,
				8AC62843175724F7005F55DD /* AppConfig.h */,
				8AC62844175724F7005F55DD /* AppConfig.m */,
			);
			path = SRODTool;
			sourceTree = "<group>";
		};
		8A00027917532A4400BFF026 /* Supporting Files */ = {
			isa = PBXGroup;
			children = (
				8A00027A17532A4400BFF026 /* SRODTool-Info.plist */,
				8A00027B17532A4400BFF026 /* InfoPlist.strings */,
				8A00027E17532A4400BFF026 /* main.m */,
				8A00028017532A4400BFF026 /* SRODTool-Prefix.pch */,
				8A00028117532A4400BFF026 /* Credits.rtf */,
			);
			name = "Supporting Files";
			sourceTree = "<group>";
		};
		8A00029217532EC600BFF026 /* SRFile */ = {
			isa = PBXGroup;
			children = (
				8A00029317532EC600BFF026 /* SRFile.h */,
				8A00029417532EC600BFF026 /* SRFile.m */,
				8A00029517532EC600BFF026 /* SRFileManager.h */,
				8A00029617532EC600BFF026 /* SRFileManager.m */,
			);
			path = SRFile;
			sourceTree = "<group>";
		};
/* End PBXGroup section */

/* Begin PBXNativeTarget section */
		8A00026E17532A4400BFF026 /* SRODTool */ = {
			isa = PBXNativeTarget;
			buildConfigurationList = 8A00028C17532A4400BFF026 /* Build configuration list for PBXNativeTarget "SRODTool" */;
			buildPhases = (
				8A00026B17532A4400BFF026 /* Sources */,
				8A00026C17532A4400BFF026 /* Frameworks */,
				8A00026D17532A4400BFF026 /* Resources */,
			);
			buildRules = (
			);
			dependencies = (
			);
			name = SRODTool;
			productName = SRODTool;
			productReference = 8A00026F17532A4400BFF026 /* SRODTool.app */;
			productType = "com.apple.product-type.application";
		};
/* End PBXNativeTarget section */

/* Begin PBXProject section */
		8A00026717532A4400BFF026 /* Project object */ = {
			isa = PBXProject;
			attributes = {
				LastUpgradeCheck = 0460;
				ORGANIZATIONNAME = seorenn;
			};
			buildConfigurationList = 8A00026A17532A4400BFF026 /* Build configuration list for PBXProject "SRODTool" */;
			compatibilityVersion = "Xcode 3.2";
			developmentRegion = English;
			hasScannedForEncodings = 0;
			knownRegions = (
				en,
			);
			mainGroup = 8A00026617532A4400BFF026;
			productRefGroup = 8A00027017532A4400BFF026 /* Products */;
			projectDirPath = "";
			projectRoot = "";
			targets = (
				8A00026E17532A4400BFF026 /* SRODTool */,
			);
		};
/* End PBXProject section */

/* Begin PBXResourcesBuildPhase section */
		8A00026D17532A4400BFF026 /* Resources */ = {
			isa = PBXResourcesBuildPhase;
			buildActionMask = 2147483647;
			files = (
				8A00027D17532A4400BFF026 /* InfoPlist.strings in Resources */,
				8A00028317532A4400BFF026 /* Credits.rtf in Resources */,
				8A00028917532A4400BFF026 /* MainMenu.xib in Resources */,
			);
			runOnlyForDeploymentPostprocessing = 0;
		};
/* End PBXResourcesBuildPhase section */

/* Begin PBXSourcesBuildPhase section */
		8A00026B17532A4400BFF026 /* Sources */ = {
			isa = PBXSourcesBuildPhase;
			buildActionMask = 2147483647;
			files = (
				8A00027F17532A4400BFF026 /* main.m in Sources */,
				8A00028617532A4400BFF026 /* AppDelegate.m in Sources */,
				8A00029117532D5500BFF026 /* MovieRow.m in Sources */,
				8A00029717532EC600BFF026 /* SRFile.m in Sources */,
				8A00029817532EC600BFF026 /* SRFileManager.m in Sources */,
				8A00029B175331BF00BFF026 /* ODManager.m in Sources */,
				8A4BB2B617548605003A52C4 /* ODToolController.m in Sources */,
				8AC62845175724F7005F55DD /* AppConfig.m in Sources */,
			);
			runOnlyForDeploymentPostprocessing = 0;
		};
/* End PBXSourcesBuildPhase section */

/* Begin PBXVariantGroup section */
		8A00027B17532A4400BFF026 /* InfoPlist.strings */ = {
			isa = PBXVariantGroup;
			children = (
				8A00027C17532A4400BFF026 /* en */,
			);
			name = InfoPlist.strings;
			sourceTree = "<group>";
		};
		8A00028117532A4400BFF026 /* Credits.rtf */ = {
			isa = PBXVariantGroup;
			children = (
				8A00028217532A4400BFF026 /* en */,
			);
			name = Credits.rtf;
			sourceTree = "<group>";
		};
		8A00028717532A4400BFF026 /* MainMenu.xib */ = {
			isa = PBXVariantGroup;
			children = (
				8A00028817532A4400BFF026 /* en */,
			);
			name = MainMenu.xib;
			sourceTree = "<group>";
		};
/* End PBXVariantGroup section */

/* Begin XCBuildConfiguration section */
		8A00028A17532A4400BFF026 /* Debug */ = {
			isa = XCBuildConfiguration;
			buildSettings = {
				ALWAYS_SEARCH_USER_PATHS = NO;
				ARCHS = "$(ARCHS_STANDARD_64_BIT)";
				CLANG_CXX_LANGUAGE_STANDARD = "gnu++0x";
				CLANG_CXX_LIBRARY = "libc++";
				CLANG_ENABLE_OBJC_ARC = YES;
				CLANG_WARN_CONSTANT_CONVERSION = YES;
				CLANG_WARN_EMPTY_BODY = YES;
				CLANG_WARN_ENUM_CONVERSION = YES;
				CLANG_WARN_INT_CONVERSION = YES;
				CLANG_WARN__DUPLICATE_METHOD_MATCH = YES;
				COPY_PHASE_STRIP = NO;
				GCC_C_LANGUAGE_STANDARD = gnu99;
				GCC_DYNAMIC_NO_PIC = NO;
				GCC_ENABLE_OBJC_EXCEPTIONS = YES;
				GCC_OPTIMIZATION_LEVEL = 0;
				GCC_PREPROCESSOR_DEFINITIONS = (
					"DEBUG=1",
					"$(inherited)",
				);
				GCC_SYMBOLS_PRIVATE_EXTERN = NO;
				GCC_WARN_64_TO_32_BIT_CONVERSION = YES;
				GCC_WARN_ABOUT_RETURN_TYPE = YES;
				GCC_WARN_UNINITIALIZED_AUTOS = YES;
				GCC_WARN_UNUSED_VARIABLE = YES;
				MACOSX_DEPLOYMENT_TARGET = 10.8;
				ONLY_ACTIVE_ARCH = YES;
				SDKROOT = macosx;
			};
			name = Debug;
		};
		8A00028B17532A4400BFF026 /* Release */ = {
			isa = XCBuildConfiguration;
			buildSettings = {
				ALWAYS_SEARCH_USER_PATHS = NO;
				ARCHS = "$(ARCHS_STANDARD_64_BIT)";
				CLANG_CXX_LANGUAGE_STANDARD = "gnu++0x";
				CLANG_CXX_LIBRARY = "libc++";
				CLANG_ENABLE_OBJC_ARC = YES;
				CLANG_WARN_CONSTANT_CONVERSION = YES;
				CLANG_WARN_EMPTY_BODY = YES;
				CLANG_WARN_ENUM_CONVERSION = YES;
				CLANG_WARN_INT_CONVERSION = YES;
				CLANG_WARN__DUPLICATE_METHOD_MATCH = YES;
				COPY_PHASE_STRIP = YES;
				DEBUG_INFORMATION_FORMAT = "dwarf-with-dsym";
				GCC_C_LANGUAGE_STANDARD = gnu99;
				GCC_ENABLE_OBJC_EXCEPTIONS = YES;
				GCC_WARN_64_TO_32_BIT_CONVERSION = YES;
				GCC_WARN_ABOUT_RETURN_TYPE = YES;
				GCC_WARN_UNINITIALIZED_AUTOS = YES;
				GCC_WARN_UNUSED_VARIABLE = YES;
				MACOSX_DEPLOYMENT_TARGET = 10.8;
				SDKROOT = macosx;
			};
			name = Release;
		};
		8A00028D17532A4400BFF026 /* Debug */ = {
			isa = XCBuildConfiguration;
			buildSettings = {
				COMBINE_HIDPI_IMAGES = YES;
				GCC_PRECOMPILE_PREFIX_HEADER = YES;
				GCC_PREFIX_HEADER = "SRODTool/SRODTool-Prefix.pch";
				INFOPLIST_FILE = "SRODTool/SRODTool-Info.plist";
				PRODUCT_NAME = "$(TARGET_NAME)";
				WRAPPER_EXTENSION = app;
			};
			name = Debug;
		};
		8A00028E17532A4400BFF026 /* Release */ = {
			isa = XCBuildConfiguration;
			buildSettings = {
				COMBINE_HIDPI_IMAGES = YES;
				GCC_PRECOMPILE_PREFIX_HEADER = YES;
				GCC_PREFIX_HEADER = "SRODTool/SRODTool-Prefix.pch";
				INFOPLIST_FILE = "SRODTool/SRODTool-Info.plist";
				PRODUCT_NAME = "$(TARGET_NAME)";
				WRAPPER_EXTENSION = app;
			};
			name = Release;
		};
/* End XCBuildConfiguration section */

/* Begin XCConfigurationList section */
		8A00026A17532A4400BFF026 /* Build configuration list for PBXProject "SRODTool" */ = {
			isa = XCConfigurationList;
			buildConfigurations = (
				8A00028A17532A4400BFF026 /* Debug */,
				8A00028B17532A4400BFF026 /* Release */,
			);
			defaultConfigurationIsVisible = 0;
			defaultConfigurationName = Release;
		};
		8A00028C17532A4400BFF026 /* Build configuration list for PBXNativeTarget "SRODTool" */ = {
			isa = XCConfigurationList;
			buildConfigurations = (
				8A00028D17532A4400BFF026 /* Debug */,
				8A00028E17532A4400BFF026 /* Release */,
			);
			defaultConfigurationIsVisible = 0;
			defaultConfigurationName = Release;
		};
/* End XCConfigurationList section */
	};
	rootObject = 8A00026717532A4400BFF026 /* Project object */;
}
